// !$*UTF8*$!
{
	archiveVersion = 1;
	classes = {
	};
	objectVersion = 48;
	objects = {

/* Begin PBXBuildFile section */
		865414311F83DA8200EA14B2 /* CheckViewController.swift in Sources */ = {isa = PBXBuildFile; fileRef = 865414301F83DA8200EA14B2 /* CheckViewController.swift */; };
		86ADF5211F82A730005449D0 /* AppDelegate.swift in Sources */ = {isa = PBXBuildFile; fileRef = 86ADF5201F82A730005449D0 /* AppDelegate.swift */; };
		86ADF5231F82A730005449D0 /* PhotoViewController.swift in Sources */ = {isa = PBXBuildFile; fileRef = 86ADF5221F82A730005449D0 /* PhotoViewController.swift */; };
		86ADF5261F82A730005449D0 /* Main.storyboard in Resources */ = {isa = PBXBuildFile; fileRef = 86ADF5241F82A730005449D0 /* Main.storyboard */; };
		86ADF5281F82A730005449D0 /* Assets.xcassets in Resources */ = {isa = PBXBuildFile; fileRef = 86ADF5271F82A730005449D0 /* Assets.xcassets */; };
		86ADF52B1F82A730005449D0 /* LaunchScreen.storyboard in Resources */ = {isa = PBXBuildFile; fileRef = 86ADF5291F82A730005449D0 /* LaunchScreen.storyboard */; };
/* End PBXBuildFile section */

/* Begin PBXFileReference section */
		865414301F83DA8200EA14B2 /* CheckViewController.swift */ = {isa = PBXFileReference; lastKnownFileType = sourcecode.swift; path = CheckViewController.swift; sourceTree = "<group>"; };
		86ADF51D1F82A730005449D0 /* CustomImageCapture.app */ = {isa = PBXFileReference; explicitFileType = wrapper.application; includeInIndex = 0; path = CustomImageCapture.app; sourceTree = BUILT_PRODUCTS_DIR; };
		86ADF5201F82A730005449D0 /* AppDelegate.swift */ = {isa = PBXFileReference; lastKnownFileType = sourcecode.swift; path = AppDelegate.swift; sourceTree = "<group>"; };
		86ADF5221F82A730005449D0 /* PhotoViewController.swift */ = {isa = PBXFileReference; lastKnownFileType = sourcecode.swift; path = PhotoViewController.swift; sourceTree = "<group>"; };
		86ADF5251F82A730005449D0 /* Base */ = {isa = PBXFileReference; lastKnownFileType = file.storyboard; name = Base; path = Base.lproj/Main.storyboard; sourceTree = "<group>"; };
		86ADF5271F82A730005449D0 /* Assets.xcassets */ = {isa = PBXFileReference; lastKnownFileType = folder.assetcatalog; path = Assets.xcassets; sourceTree = "<group>"; };
		86ADF52A1F82A730005449D0 /* Base */ = {isa = PBXFileReference; lastKnownFileType = file.storyboard; name = Base; path = Base.lproj/LaunchScreen.storyboard; sourceTree = "<group>"; };
		86ADF52C1F82A730005449D0 /* Info.plist */ = {isa = PBXFileReference; lastKnownFileType = text.plist.xml; path = Info.plist; sourceTree = "<group>"; };
/* End PBXFileReference section */

/* Begin PBXFrameworksBuildPhase section */
		86ADF51A1F82A730005449D0 /* Frameworks */ = {
			isa = PBXFrameworksBuildPhase;
			buildActionMask = 2147483647;
			files = (
			);
			runOnlyForDeploymentPostprocessing = 0;
		};
/* End PBXFrameworksBuildPhase section */

/* Begin PBXGroup section */
		86ADF5141F82A730005449D0 = {
			isa = PBXGroup;
			children = (
				86ADF51F1F82A730005449D0 /* CustomImageCapture */,
				86ADF51E1F82A730005449D0 /* Products */,
			);
			sourceTree = "<group>";
		};
		86ADF51E1F82A730005449D0 /* Products */ = {
			isa = PBXGroup;
			children = (
				86ADF51D1F82A730005449D0 /* CustomImageCapture.app */,
			);
			name = Products;
			sourceTree = "<group>";
		};
		86ADF51F1F82A730005449D0 /* CustomImageCapture */ = {
			isa = PBXGroup;
			children = (
				86ADF5201F82A730005449D0 /* AppDelegate.swift */,
				865414301F83DA8200EA14B2 /* CheckViewController.swift */,
				86ADF5221F82A730005449D0 /* PhotoViewController.swift */,
				86ADF5241F82A730005449D0 /* Main.storyboard */,
				86ADF5271F82A730005449D0 /* Assets.xcassets */,
				86ADF5291F82A730005449D0 /* LaunchScreen.storyboard */,
				86ADF52C1F82A730005449D0 /* Info.plist */,
			);
			path = CustomImageCapture;
			sourceTree = "<group>";
		};
/* End PBXGroup section */

/* Begin PBXNativeTarget section */
		86ADF51C1F82A730005449D0 /* CustomImageCapture */ = {
			isa = PBXNativeTarget;
			buildConfigurationList = 86ADF52F1F82A730005449D0 /* Build configuration list for PBXNativeTarget "CustomImageCapture" */;
			buildPhases = (
				86ADF5191F82A730005449D0 /* Sources */,
				86ADF51A1F82A730005449D0 /* Frameworks */,
				86ADF51B1F82A730005449D0 /* Resources */,
			);
			buildRules = (
			);
			dependencies = (
			);
			name = CustomImageCapture;
			productName = CustomImageCapture;
			productReference = 86ADF51D1F82A730005449D0 /* CustomImageCapture.app */;
			productType = "com.apple.product-type.application";
		};
/* End PBXNativeTarget section */

/* Begin PBXProject section */
		86ADF5151F82A730005449D0 /* Project object */ = {
			isa = PBXProject;
			attributes = {
				LastSwiftUpdateCheck = 0900;
				LastUpgradeCheck = 0900;
				ORGANIZATIONNAME = "Joseph, Ethan";
				TargetAttributes = {
					86ADF51C1F82A730005449D0 = {
						CreatedOnToolsVersion = 9.0;
						ProvisioningStyle = Automatic;
					};
				};
			};
			buildConfigurationList = 86ADF5181F82A730005449D0 /* Build configuration list for PBXProject "CustomImageCapture" */;
			compatibilityVersion = "Xcode 8.0";
			developmentRegion = en;
			hasScannedForEncodings = 0;
			knownRegions = (
				en,
				Base,
			);
			mainGroup = 86ADF5141F82A730005449D0;
			productRefGroup = 86ADF51E1F82A730005449D0 /* Products */;
			projectDirPath = "";
			projectRoot = "";
			targets = (
				86ADF51C1F82A730005449D0 /* CustomImageCapture */,
			);
		};
/* End PBXProject section */

/* Begin PBXResourcesBuildPhase section */
		86ADF51B1F82A730005449D0 /* Resources */ = {
			isa = PBXResourcesBuildPhase;
			buildActionMask = 2147483647;
			files = (
				86ADF52B1F82A730005449D0 /* LaunchScreen.storyboard in Resources */,
				86ADF5281F82A730005449D0 /* Assets.xcassets in Resources */,
				86ADF5261F82A730005449D0 /* Main.storyboard in Resources */,
			);
			runOnlyForDeploymentPostprocessing = 0;
		};
/* End PBXResourcesBuildPhase section */

/* Begin PBXSourcesBuildPhase section */
		86ADF5191F82A730005449D0 /* Sources */ = {
			isa = PBXSourcesBuildPhase;
			buildActionMask = 2147483647;
			files = (
				865414311F83DA8200EA14B2 /* CheckViewController.swift in Sources */,
				86ADF5231F82A730005449D0 /* PhotoViewController.swift in Sources */,
				86ADF5211F82A730005449D0 /* AppDelegate.swift in Sources */,
			);
			runOnlyForDeploymentPostprocessing = 0;
		};
/* End PBXSourcesBuildPhase section */

/* Begin PBXVariantGroup section */
		86ADF5241F82A730005449D0 /* Main.storyboard */ = {
			isa = PBXVariantGroup;
			children = (
				86ADF5251F82A730005449D0 /* Base */,
			);
			name = Main.storyboard;
			sourceTree = "<group>";
		};
		86ADF5291F82A730005449D0 /* LaunchScreen.storyboard */ = {
			isa = PBXVariantGroup;
			children = (
				86ADF52A1F82A730005449D0 /* Base */,
			);
			name = LaunchScreen.storyboard;
			sourceTree = "<group>";
		};
/* End PBXVariantGroup section */

/* Begin XCBuildConfiguration section */
		86ADF52D1F82A730005449D0 /* Debug */ = {
			isa = XCBuildConfiguration;
			buildSettings = {
				ALWAYS_SEARCH_USER_PATHS = NO;
				CLANG_ANALYZER_NONNULL = YES;
				CLANG_ANALYZER_NUMBER_OBJECT_CONVERSION = YES_AGGRESSIVE;
				CLANG_CXX_LANGUAGE_STANDARD = "gnu++14";
				CLANG_CXX_LIBRARY = "libc++";
				CLANG_ENABLE_MODULES = YES;
				CLANG_ENABLE_OBJC_ARC = YES;
				CLANG_WARN_BLOCK_CAPTURE_AUTORELEASING = YES;
				CLANG_WARN_BOOL_CONVERSION = YES;
				CLANG_WARN_COMMA = YES;
				CLANG_WARN_CONSTANT_CONVERSION = YES;
				CLANG_WARN_DIRECT_OBJC_ISA_USAGE = YES_ERROR;
				CLANG_WARN_DOCUMENTATION_COMMENTS = YES;
				CLANG_WARN_EMPTY_BODY = YES;
				CLANG_WARN_ENUM_CONVERSION = YES;
				CLANG_WARN_INFINITE_RECURSION = YES;
				CLANG_WARN_INT_CONVERSION = YES;
				CLANG_WARN_NON_LITERAL_NULL_CONVERSION = YES;
				CLANG_WARN_OBJC_LITERAL_CONVERSION = YES;
				CLANG_WARN_OBJC_ROOT_CLASS = YES_ERROR;
				CLANG_WARN_RANGE_LOOP_ANALYSIS = YES;
				CLANG_WARN_STRICT_PROTOTYPES = YES;
				CLANG_WARN_SUSPICIOUS_MOVE = YES;
				CLANG_WARN_UNGUARDED_AVAILABILITY = YES_AGGRESSIVE;
				CLANG_WARN_UNREACHABLE_CODE = YES;
				CLANG_WARN__DUPLICATE_METHOD_MATCH = YES;
				CODE_SIGN_IDENTITY = "iPhone Developer";
				COPY_PHASE_STRIP = NO;
				DEBUG_INFORMATION_FORMAT = dwarf;
				ENABLE_STRICT_OBJC_MSGSEND = YES;
				ENABLE_TESTABILITY = YES;
				GCC_C_LANGUAGE_STANDARD = gnu11;
				GCC_DYNAMIC_NO_PIC = NO;
				GCC_NO_COMMON_BLOCKS = YES;
				GCC_OPTIMIZATION_LEVEL = 0;
				GCC_PREPROCESSOR_DEFINITIONS = (
					"DEBUG=1",
					"$(inherited)",
				);
				GCC_WARN_64_TO_32_BIT_CONVERSION = YES;
				GCC_WARN_ABOUT_RETURN_TYPE = YES_ERROR;
				GCC_WARN_UNDECLARED_SELECTOR = YES;
				GCC_WARN_UNINITIALIZED_AUTOS = YES_AGGRESSIVE;
				GCC_WARN_UNUSED_FUNCTION = YES;
				GCC_WARN_UNUSED_VARIABLE = YES;
				IPHONEOS_DEPLOYMENT_TARGET = 11.0;
				MTL_ENABLE_DEBUG_INFO = YES;
				ONLY_ACTIVE_ARCH = YES;
				SDKROOT = iphoneos;
				SWIFT_ACTIVE_COMPILATION_CONDITIONS = DEBUG;
				SWIFT_OPTIMIZATION_LEVEL = "-Onone";
			};
			name = Debug;
		};
		86ADF52E1F82A730005449D0 /* Release */ = {
			isa = XCBuildConfiguration;
			buildSettings = {
				ALWAYS_SEARCH_USER_PATHS = NO;
				CLANG_ANALYZER_NONNULL = YES;
				CLANG_ANALYZER_NUMBER_OBJECT_CONVERSION = YES_AGGRESSIVE;
				CLANG_CXX_LANGUAGE_STANDARD = "gnu++14";
				CLANG_CXX_LIBRARY = "libc++";
				CLANG_ENABLE_MODULES = YES;
				CLANG_ENABLE_OBJC_ARC = YES;
				CLANG_WARN_BLOCK_CAPTURE_AUTORELEASING = YES;
				CLANG_WARN_BOOL_CONVERSION = YES;
				CLANG_WARN_COMMA = YES;
				CLANG_WARN_CONSTANT_CONVERSION = YES;
				CLANG_WARN_DIRECT_OBJC_ISA_USAGE = YES_ERROR;
				CLANG_WARN_DOCUMENTATION_COMMENTS = YES;
				CLANG_WARN_EMPTY_BODY = YES;
				CLANG_WARN_ENUM_CONVERSION = YES;
				CLANG_WARN_INFINITE_RECURSION = YES;
				CLANG_WARN_INT_CONVERSION = YES;
				CLANG_WARN_NON_LITERAL_NULL_CONVERSION = YES;
				CLANG_WARN_OBJC_LITERAL_CONVERSION = YES;
				CLANG_WARN_OBJC_ROOT_CLASS = YES_ERROR;
				CLANG_WARN_RANGE_LOOP_ANALYSIS = YES;
				CLANG_WARN_STRICT_PROTOTYPES = YES;
				CLANG_WARN_SUSPICIOUS_MOVE = YES;
				CLANG_WARN_UNGUARDED_AVAILABILITY = YES_AGGRESSIVE;
				CLANG_WARN_UNREACHABLE_CODE = YES;
				CLANG_WARN__DUPLICATE_METHOD_MATCH = YES;
				CODE_SIGN_IDENTITY = "iPhone Developer";
				COPY_PHASE_STRIP = NO;
				DEBUG_INFORMATION_FORMAT = "dwarf-with-dsym";
				ENABLE_NS_ASSERTIONS = NO;
				ENABLE_STRICT_OBJC_MSGSEND = YES;
				GCC_C_LANGUAGE_STANDARD = gnu11;
				GCC_NO_COMMON_BLOCKS = YES;
				GCC_WARN_64_TO_32_BIT_CONVERSION = YES;
				GCC_WARN_ABOUT_RETURN_TYPE = YES_ERROR;
				GCC_WARN_UNDECLARED_SELECTOR = YES;
				GCC_WARN_UNINITIALIZED_AUTOS = YES_AGGRESSIVE;
				GCC_WARN_UNUSED_FUNCTION = YES;
				GCC_WARN_UNUSED_VARIABLE = YES;
				IPHONEOS_DEPLOYMENT_TARGET = 11.0;
				MTL_ENABLE_DEBUG_INFO = NO;
				SDKROOT = iphoneos;
				SWIFT_OPTIMIZATION_LEVEL = "-Owholemodule";
				VALIDATE_PRODUCT = YES;
			};
			name = Release;
		};
		86ADF5301F82A730005449D0 /* Debug */ = {
			isa = XCBuildConfiguration;
			buildSettings = {
				ASSETCATALOG_COMPILER_APPICON_NAME = AppIcon;
				CODE_SIGN_STYLE = Automatic;
				DEVELOPMENT_TEAM = MNG4S554VZ;
				INFOPLIST_FILE = CustomImageCapture/Info.plist;
				IPHONEOS_DEPLOYMENT_TARGET = 9.0;
				LD_RUNPATH_SEARCH_PATHS = "$(inherited) @executable_path/Frameworks";
				PRODUCT_BUNDLE_IDENTIFIER = erj.CustomImageCapture;
				PRODUCT_NAME = "$(TARGET_NAME)";
				SWIFT_VERSION = 4.0;
				TARGETED_DEVICE_FAMILY = 1;
			};
			name = Debug;
		};
		86ADF5311F82A730005449D0 /* Release */ = {
			isa = XCBuildConfiguration;
			buildSettings = {
				ASSETCATALOG_COMPILER_APPICON_NAME = AppIcon;
				CODE_SIGN_STYLE = Automatic;
				DEVELOPMENT_TEAM = MNG4S554VZ;
				INFOPLIST_FILE = CustomImageCapture/Info.plist;
				IPHONEOS_DEPLOYMENT_TARGET = 9.0;
				LD_RUNPATH_SEARCH_PATHS = "$(inherited) @executable_path/Frameworks";
				PRODUCT_BUNDLE_IDENTIFIER = erj.CustomImageCapture;
				PRODUCT_NAME = "$(TARGET_NAME)";
				SWIFT_VERSION = 4.0;
				TARGETED_DEVICE_FAMILY = 1;
			};
			name = Release;
		};
/* End XCBuildConfiguration section */

/* Begin XCConfigurationList section */
		86ADF5181F82A730005449D0 /* Build configuration list for PBXProject "CustomImageCapture" */ = {
			isa = XCConfigurationList;
			buildConfigurations = (
				86ADF52D1F82A730005449D0 /* Debug */,
				86ADF52E1F82A730005449D0 /* Release */,
			);
			defaultConfigurationIsVisible = 0;
			defaultConfigurationName = Release;
		};
		86ADF52F1F82A730005449D0 /* Build configuration list for PBXNativeTarget "CustomImageCapture" */ = {
			isa = XCConfigurationList;
			buildConfigurations = (
				86ADF5301F82A730005449D0 /* Debug */,
				86ADF5311F82A730005449D0 /* Release */,
			);
			defaultConfigurationIsVisible = 0;
			defaultConfigurationName = Release;
		};
/* End XCConfigurationList section */
	};
	rootObject = 86ADF5151F82A730005449D0 /* Project object */;
}
